
Microsoft Visual Studio Solution File, Format Version 12.00
# Visual Studio Version 16
VisualStudioVersion = 16.0.30114.105
MinimumVisualStudioVersion = 10.0.40219.1
Project("{2150E333-8FDC-42A3-9474-1A3956D46DE8}") = "01-Oop", "01-Oop", "{36DFB22A-47D9-4EE3-A6FE-4ECBA44AB78E}"
EndProject
Project("{FAE04EC0-301F-11D3-BF4B-00C04F79EFBC}") = "OOP", "01-Oop\OOP.csproj", "{36EE7AD7-D183-4AA3-A737-5CED83B09AD9}"
EndProject
Project("{2150E333-8FDC-42A3-9474-1A3956D46DE8}") = "02-Modifiers", "02-Modifiers", "{1A6D2EA1-2A00-4429-AFC8-469811F57198}"
EndProject
Project("{FAE04EC0-301F-11D3-BF4B-00C04F79EFBC}") = "ProjectA", "02-Modifiers\ProjectA\ProjectA.csproj", "{F5F001FB-4613-4110-B8D0-069D34345493}"
EndProject
Project("{2150E333-8FDC-42A3-9474-1A3956D46DE8}") = "03-SOLID", "03-SOLID", "{8458C962-74E2-4AE1-9FDA-0B765264DF68}"
EndProject
Project("{FAE04EC0-301F-11D3-BF4B-00C04F79EFBC}") = "SOLID", "3-SOLID\SOLID.csproj", "{3104EB6F-2493-4B29-B787-7A7C4581BF53}"
EndProject
Project("{2150E333-8FDC-42A3-9474-1A3956D46DE8}") = "05-DesignPatterns", "05-DesignPatterns", "{A60737CB-B86C-4D9D-B93F-9FEAF1152C82}"
EndProject
Project("{FAE04EC0-301F-11D3-BF4B-00C04F79EFBC}") = "DesignPatterns", "4-DesignPatterns\DesignPatterns.csproj", "{D7A138A5-EA56-44F7-B941-273423E59418}"
EndProject
Project("{2150E333-8FDC-42A3-9474-1A3956D46DE8}") = "04-DI", "04-DI", "{C4C7547A-BBB6-437A-AC9D-8292E36F3577}"
EndProject
Project("{FAE04EC0-301F-11D3-BF4B-00C04F79EFBC}") = "DemoDI", "04-DI\DemoDI.csproj", "{5436F2CD-1FAD-4082-8242-6D3EF5B1A07F}"
EndProject
Global
	GlobalSection(SolutionConfigurationPlatforms) = preSolution
		Debug|Any CPU = Debug|Any CPU
		Release|Any CPU = Release|Any CPU
	EndGlobalSection
	GlobalSection(SolutionProperties) = preSolution
		HideSolutionNode = FALSE
	EndGlobalSection
	GlobalSection(ProjectConfigurationPlatforms) = postSolution
		{36EE7AD7-D183-4AA3-A737-5CED83B09AD9}.Debug|Any CPU.ActiveCfg = Debug|Any CPU
		{36EE7AD7-D183-4AA3-A737-5CED83B09AD9}.Debug|Any CPU.Build.0 = Debug|Any CPU
		{36EE7AD7-D183-4AA3-A737-5CED83B09AD9}.Release|Any CPU.ActiveCfg = Release|Any CPU
		{36EE7AD7-D183-4AA3-A737-5CED83B09AD9}.Release|Any CPU.Build.0 = Release|Any CPU
		{F5F001FB-4613-4110-B8D0-069D34345493}.Debug|Any CPU.ActiveCfg = Debug|Any CPU
		{F5F001FB-4613-4110-B8D0-069D34345493}.Debug|Any CPU.Build.0 = Debug|Any CPU
		{F5F001FB-4613-4110-B8D0-069D34345493}.Release|Any CPU.ActiveCfg = Release|Any CPU
		{F5F001FB-4613-4110-B8D0-069D34345493}.Release|Any CPU.Build.0 = Release|Any CPU
		{3104EB6F-2493-4B29-B787-7A7C4581BF53}.Debug|Any CPU.ActiveCfg = Debug|Any CPU
		{3104EB6F-2493-4B29-B787-7A7C4581BF53}.Debug|Any CPU.Build.0 = Debug|Any CPU
		{3104EB6F-2493-4B29-B787-7A7C4581BF53}.Release|Any CPU.ActiveCfg = Release|Any CPU
		{3104EB6F-2493-4B29-B787-7A7C4581BF53}.Release|Any CPU.Build.0 = Release|Any CPU
		{D7A138A5-EA56-44F7-B941-273423E59418}.Debug|Any CPU.ActiveCfg = Debug|Any CPU
		{D7A138A5-EA56-44F7-B941-273423E59418}.Debug|Any CPU.Build.0 = Debug|Any CPU
		{D7A138A5-EA56-44F7-B941-273423E59418}.Release|Any CPU.ActiveCfg = Release|Any CPU
		{D7A138A5-EA56-44F7-B941-273423E59418}.Release|Any CPU.Build.0 = Release|Any CPU
		{5436F2CD-1FAD-4082-8242-6D3EF5B1A07F}.Debug|Any CPU.ActiveCfg = Debug|Any CPU
		{5436F2CD-1FAD-4082-8242-6D3EF5B1A07F}.Debug|Any CPU.Build.0 = Debug|Any CPU
		{5436F2CD-1FAD-4082-8242-6D3EF5B1A07F}.Release|Any CPU.ActiveCfg = Release|Any CPU
		{5436F2CD-1FAD-4082-8242-6D3EF5B1A07F}.Release|Any CPU.Build.0 = Release|Any CPU
	EndGlobalSection
	GlobalSection(NestedProjects) = preSolution
		{36EE7AD7-D183-4AA3-A737-5CED83B09AD9} = {36DFB22A-47D9-4EE3-A6FE-4ECBA44AB78E}
		{F5F001FB-4613-4110-B8D0-069D34345493} = {1A6D2EA1-2A00-4429-AFC8-469811F57198}
		{3104EB6F-2493-4B29-B787-7A7C4581BF53} = {8458C962-74E2-4AE1-9FDA-0B765264DF68}
		{D7A138A5-EA56-44F7-B941-273423E59418} = {A60737CB-B86C-4D9D-B93F-9FEAF1152C82}
		{5436F2CD-1FAD-4082-8242-6D3EF5B1A07F} = {C4C7547A-BBB6-437A-AC9D-8292E36F3577}
	EndGlobalSection
EndGlobal
